
Microsoft Visual Studio Solution File, Format Version 12.00
# Visual Studio 15
VisualStudioVersion = 15.0.28307.271
MinimumVisualStudioVersion = 10.0.40219.1
Project("{FAE04EC0-301F-11D3-BF4B-00C04F79EFBC}") = "QuanLiKhachSan", "QuanLiKhachSan\QuanLiKhachSan.csproj", "{A05B7A23-8322-404D-95CE-5EC765AE4C0E}"
EndProject
Global
	GlobalSection(SolutionConfigurationPlatforms) = preSolution
		Debug|Any CPU = Debug|Any CPU
		Release|Any CPU = Release|Any CPU
	EndGlobalSection
	GlobalSection(ProjectConfigurationPlatforms) = postSolution
		{A05B7A23-8322-404D-95CE-5EC765AE4C0E}.Debug|Any CPU.ActiveCfg = Debug|Any CPU
		{A05B7A23-8322-404D-95CE-5EC765AE4C0E}.Debug|Any CPU.Build.0 = Debug|Any CPU
		{A05B7A23-8322-404D-95CE-5EC765AE4C0E}.Release|Any CPU.ActiveCfg = Release|Any CPU
		{A05B7A23-8322-404D-95CE-5EC765AE4C0E}.Release|Any CPU.Build.0 = Release|Any CPU
	EndGlobalSection
	GlobalSection(SolutionProperties) = preSolution
		HideSolutionNode = FALSE
	EndGlobalSection
	GlobalSection(ExtensibilityGlobals) = postSolution
		SolutionGuid = {3BCEE962-6F1F-47A4-B8DA-352CC26C8038}
	EndGlobalSection
EndGlobal
